
Microsoft Visual Studio Solution File, Format Version 12.00
# Visual Studio Version 16
VisualStudioVersion = 16.0.29123.88
MinimumVisualStudioVersion = 10.0.40219.1
Project("{FAE04EC0-301F-11D3-BF4B-00C04F79EFBC}") = "DemoWebApi1", "DemoWebApi1\DemoWebApi1.csproj", "{852255B9-83B6-4E35-BAE2-64404683A49A}"
EndProject
Global
	GlobalSection(SolutionConfigurationPlatforms) = preSolution
		Debug|Any CPU = Debug|Any CPU
		Release|Any CPU = Release|Any CPU
	EndGlobalSection
	GlobalSection(ProjectConfigurationPlatforms) = postSolution
		{852255B9-83B6-4E35-BAE2-64404683A49A}.Debug|Any CPU.ActiveCfg = Debug|Any CPU
		{852255B9-83B6-4E35-BAE2-64404683A49A}.Debug|Any CPU.Build.0 = Debug|Any CPU
		{852255B9-83B6-4E35-BAE2-64404683A49A}.Release|Any CPU.ActiveCfg = Release|Any CPU
		{852255B9-83B6-4E35-BAE2-64404683A49A}.Release|Any CPU.Build.0 = Release|Any CPU
	EndGlobalSection
	GlobalSection(SolutionProperties) = preSolution
		HideSolutionNode = FALSE
	EndGlobalSection
	GlobalSection(ExtensibilityGlobals) = postSolution
		SolutionGuid = {151452DC-D368-413A-8031-52C7800E3306}
	EndGlobalSection
EndGlobal
